
Microsoft Visual Studio Solution File, Format Version 12.00
# Visual Studio Version 16
VisualStudioVersion = 16.0.29613.14
MinimumVisualStudioVersion = 10.0.40219.1
Project("{9A19103F-16F7-4668-BE54-9A1E7A4F7556}") = "DevNotes.Core", "DevNotes.Core\DevNotes.Core.csproj", "{EDACED6A-AB21-4309-8E64-DFADBF7D378B}"
EndProject
Project("{FAE04EC0-301F-11D3-BF4B-00C04F79EFBC}") = "DevNotes.Console", "DevNotes.Console\DevNotes.Console.csproj", "{09292632-9D54-4829-8E9A-BB081B7BFD8D}"
EndProject
Project("{FAE04EC0-301F-11D3-BF4B-00C04F79EFBC}") = "DevNotes.REPL", "DevNotes.REPL\DevNotes.REPL.csproj", "{CEDCCF48-A79C-423E-B68C-189D74DD9990}"
EndProject
Project("{FAE04EC0-301F-11D3-BF4B-00C04F79EFBC}") = "DevNotes.SampleProject", "DevNotes.SampleProject\DevNotes.SampleProject.csproj", "{7792C429-3B08-477A-9F9E-298C1C201147}"
EndProject
Project("{FAE04EC0-301F-11D3-BF4B-00C04F79EFBC}") = "DevNotes.Core.Test", "DevNotes.Core.Test\DevNotes.Core.Test.csproj", "{06D954E6-C4B7-469F-BB13-81907670A7CF}"
EndProject
Global
	GlobalSection(SolutionConfigurationPlatforms) = preSolution
		Debug|Any CPU = Debug|Any CPU
		Release|Any CPU = Release|Any CPU
	EndGlobalSection
	GlobalSection(ProjectConfigurationPlatforms) = postSolution
		{EDACED6A-AB21-4309-8E64-DFADBF7D378B}.Debug|Any CPU.ActiveCfg = Debug|Any CPU
		{EDACED6A-AB21-4309-8E64-DFADBF7D378B}.Debug|Any CPU.Build.0 = Debug|Any CPU
		{EDACED6A-AB21-4309-8E64-DFADBF7D378B}.Release|Any CPU.ActiveCfg = Release|Any CPU
		{EDACED6A-AB21-4309-8E64-DFADBF7D378B}.Release|Any CPU.Build.0 = Release|Any CPU
		{09292632-9D54-4829-8E9A-BB081B7BFD8D}.Debug|Any CPU.ActiveCfg = Debug|Any CPU
		{09292632-9D54-4829-8E9A-BB081B7BFD8D}.Debug|Any CPU.Build.0 = Debug|Any CPU
		{09292632-9D54-4829-8E9A-BB081B7BFD8D}.Release|Any CPU.ActiveCfg = Release|Any CPU
		{09292632-9D54-4829-8E9A-BB081B7BFD8D}.Release|Any CPU.Build.0 = Release|Any CPU
		{CEDCCF48-A79C-423E-B68C-189D74DD9990}.Debug|Any CPU.ActiveCfg = Debug|Any CPU
		{CEDCCF48-A79C-423E-B68C-189D74DD9990}.Debug|Any CPU.Build.0 = Debug|Any CPU
		{CEDCCF48-A79C-423E-B68C-189D74DD9990}.Release|Any CPU.ActiveCfg = Release|Any CPU
		{CEDCCF48-A79C-423E-B68C-189D74DD9990}.Release|Any CPU.Build.0 = Release|Any CPU
		{7792C429-3B08-477A-9F9E-298C1C201147}.Debug|Any CPU.ActiveCfg = Debug|Any CPU
		{7792C429-3B08-477A-9F9E-298C1C201147}.Debug|Any CPU.Build.0 = Debug|Any CPU
		{7792C429-3B08-477A-9F9E-298C1C201147}.Release|Any CPU.ActiveCfg = Release|Any CPU
		{7792C429-3B08-477A-9F9E-298C1C201147}.Release|Any CPU.Build.0 = Release|Any CPU
		{06D954E6-C4B7-469F-BB13-81907670A7CF}.Debug|Any CPU.ActiveCfg = Debug|Any CPU
		{06D954E6-C4B7-469F-BB13-81907670A7CF}.Debug|Any CPU.Build.0 = Debug|Any CPU
		{06D954E6-C4B7-469F-BB13-81907670A7CF}.Release|Any CPU.ActiveCfg = Release|Any CPU
		{06D954E6-C4B7-469F-BB13-81907670A7CF}.Release|Any CPU.Build.0 = Release|Any CPU
	EndGlobalSection
	GlobalSection(SolutionProperties) = preSolution
		HideSolutionNode = FALSE
	EndGlobalSection
	GlobalSection(ExtensibilityGlobals) = postSolution
		SolutionGuid = {EF75E5D8-BF10-4DF7-8FA9-63D0040FD6BC}
	EndGlobalSection
EndGlobal
